%{"certifi": {:hex, :certifi, "0.1.1"},
  "earmark": {:hex, :earmark, "0.1.19"},
  "ex_doc": {:git, "https://github.com/elixir-lang/ex_doc.git", "f93a60dc8168ffdef191af4fcec42292937b4c6a", []},
  "hackney": {:hex, :hackney, "1.4.4"},
  "httpoison": {:hex, :httpoison, "0.8.0"},
  "idna": {:hex, :idna, "1.0.2"},
  "jsx": {:hex, :jsx, "2.8.0"},
  "mimerl": {:hex, :mimerl, "1.0.0"},
  "ssl_verify_hostname": {:hex, :ssl_verify_hostname, "1.0.5"}}
